
Microsoft Visual Studio Solution File, Format Version 12.00
# Visual Studio Version 17
VisualStudioVersion = 17.0.31903.59
MinimumVisualStudioVersion = 10.0.40219.1
Project("{9A19103F-16F7-4668-BE54-9A1E7A4F7556}") = "RssReader", "RssReader\RssReader.csproj", "{7478D920-7DDF-4271-AE59-8FE8FDEF97A6}"
EndProject
Project("{9A19103F-16F7-4668-BE54-9A1E7A4F7556}") = "RssReaderContainer", "RssReaderContainer\RssReaderContainer.csproj", "{93D118CA-7896-48E1-B200-D1312C2FF322}"
EndProject
Project("{9A19103F-16F7-4668-BE54-9A1E7A4F7556}") = "RabbitMQManager", "RabbitMQManager\RabbitMQManager.csproj", "{AF6829FD-8906-425D-8149-39CD89B827D8}"
EndProject
Project("{9A19103F-16F7-4668-BE54-9A1E7A4F7556}") = "RssQueueConsumer", "RssQueueConsumer\RssQueueConsumer.csproj", "{4139D85E-4B01-443B-9597-F4F69A742874}"
EndProject
Project("{9A19103F-16F7-4668-BE54-9A1E7A4F7556}") = "ApiSample.Domain", "ApiSample.Domain\ApiSample.Domain.csproj", "{572B1905-1F4B-4892-915A-F9D8ADFE8DC8}"
EndProject
Project("{9A19103F-16F7-4668-BE54-9A1E7A4F7556}") = "ApiSample.Infraestrutura", "ApiSample.Infraestrutura\ApiSample.Infraestrutura.csproj", "{7AAA4B7B-2E26-4227-B304-172DB010D33A}"
EndProject
Project("{FAE04EC0-301F-11D3-BF4B-00C04F79EFBC}") = "ApiSample.Application", "ApiSample.Application\ApiSample.Application.csproj", "{C0F7D254-5378-4129-A51C-9CA689FFC278}"
EndProject
Global
	GlobalSection(SolutionConfigurationPlatforms) = preSolution
		Debug|Any CPU = Debug|Any CPU
		Release|Any CPU = Release|Any CPU
	EndGlobalSection
	GlobalSection(ProjectConfigurationPlatforms) = postSolution
		{7478D920-7DDF-4271-AE59-8FE8FDEF97A6}.Debug|Any CPU.ActiveCfg = Debug|Any CPU
		{7478D920-7DDF-4271-AE59-8FE8FDEF97A6}.Debug|Any CPU.Build.0 = Debug|Any CPU
		{7478D920-7DDF-4271-AE59-8FE8FDEF97A6}.Release|Any CPU.ActiveCfg = Release|Any CPU
		{7478D920-7DDF-4271-AE59-8FE8FDEF97A6}.Release|Any CPU.Build.0 = Release|Any CPU
		{93D118CA-7896-48E1-B200-D1312C2FF322}.Debug|Any CPU.ActiveCfg = Debug|Any CPU
		{93D118CA-7896-48E1-B200-D1312C2FF322}.Debug|Any CPU.Build.0 = Debug|Any CPU
		{93D118CA-7896-48E1-B200-D1312C2FF322}.Release|Any CPU.ActiveCfg = Release|Any CPU
		{93D118CA-7896-48E1-B200-D1312C2FF322}.Release|Any CPU.Build.0 = Release|Any CPU
		{AF6829FD-8906-425D-8149-39CD89B827D8}.Debug|Any CPU.ActiveCfg = Debug|Any CPU
		{AF6829FD-8906-425D-8149-39CD89B827D8}.Debug|Any CPU.Build.0 = Debug|Any CPU
		{AF6829FD-8906-425D-8149-39CD89B827D8}.Release|Any CPU.ActiveCfg = Release|Any CPU
		{AF6829FD-8906-425D-8149-39CD89B827D8}.Release|Any CPU.Build.0 = Release|Any CPU
		{4139D85E-4B01-443B-9597-F4F69A742874}.Debug|Any CPU.ActiveCfg = Debug|Any CPU
		{4139D85E-4B01-443B-9597-F4F69A742874}.Debug|Any CPU.Build.0 = Debug|Any CPU
		{4139D85E-4B01-443B-9597-F4F69A742874}.Release|Any CPU.ActiveCfg = Release|Any CPU
		{4139D85E-4B01-443B-9597-F4F69A742874}.Release|Any CPU.Build.0 = Release|Any CPU
		{572B1905-1F4B-4892-915A-F9D8ADFE8DC8}.Debug|Any CPU.ActiveCfg = Debug|Any CPU
		{572B1905-1F4B-4892-915A-F9D8ADFE8DC8}.Debug|Any CPU.Build.0 = Debug|Any CPU
		{572B1905-1F4B-4892-915A-F9D8ADFE8DC8}.Release|Any CPU.ActiveCfg = Release|Any CPU
		{572B1905-1F4B-4892-915A-F9D8ADFE8DC8}.Release|Any CPU.Build.0 = Release|Any CPU
		{7AAA4B7B-2E26-4227-B304-172DB010D33A}.Debug|Any CPU.ActiveCfg = Debug|Any CPU
		{7AAA4B7B-2E26-4227-B304-172DB010D33A}.Debug|Any CPU.Build.0 = Debug|Any CPU
		{7AAA4B7B-2E26-4227-B304-172DB010D33A}.Release|Any CPU.ActiveCfg = Release|Any CPU
		{7AAA4B7B-2E26-4227-B304-172DB010D33A}.Release|Any CPU.Build.0 = Release|Any CPU
		{C0F7D254-5378-4129-A51C-9CA689FFC278}.Debug|Any CPU.ActiveCfg = Debug|Any CPU
		{C0F7D254-5378-4129-A51C-9CA689FFC278}.Debug|Any CPU.Build.0 = Debug|Any CPU
		{C0F7D254-5378-4129-A51C-9CA689FFC278}.Release|Any CPU.ActiveCfg = Release|Any CPU
		{C0F7D254-5378-4129-A51C-9CA689FFC278}.Release|Any CPU.Build.0 = Release|Any CPU
	EndGlobalSection
	GlobalSection(SolutionProperties) = preSolution
		HideSolutionNode = FALSE
	EndGlobalSection
	GlobalSection(ExtensibilityGlobals) = postSolution
		SolutionGuid = {5312EAA5-C929-4C3F-82A8-B5102B049BD7}
	EndGlobalSection
EndGlobal
